Microsoft Visual Studio Solution File, Format Version 11.00
# Visual Studio 2008

Project("{56F3F4A9-D451-9566-17DE-F3CCC974EF8C}") = "Call of the Forest", "Assembly-CSharp.csproj", "{1A9A6B5A-5043-B15E-BA6E-12FE24D78C05}"
EndProject
Global
	GlobalSection(SolutionConfigurationPlatforms) = preSolution
		Debug|Any CPU = Debug|Any CPU
		Release|Any CPU = Release|Any CPU
	EndGlobalSection
	GlobalSection(ProjectConfigurationPlatforms) = postSolution
		{1A9A6B5A-5043-B15E-BA6E-12FE24D78C05}.Debug|Any CPU.ActiveCfg = Debug|Any CPU
		{1A9A6B5A-5043-B15E-BA6E-12FE24D78C05}.Debug|Any CPU.Build.0 = Debug|Any CPU
		{1A9A6B5A-5043-B15E-BA6E-12FE24D78C05}.Release|Any CPU.ActiveCfg = Release|Any CPU
		{1A9A6B5A-5043-B15E-BA6E-12FE24D78C05}.Release|Any CPU.Build.0 = Release|Any CPU
	EndGlobalSection
	GlobalSection(SolutionProperties) = preSolution
		HideSolutionNode = FALSE
	EndGlobalSection
	GlobalSection(MonoDevelopProperties) = preSolution
		StartupItem = Assembly-CSharp.csproj
	EndGlobalSection
EndGlobal
